// !$*UTF8*$!
{
	archiveVersion = 1;
	classes = {
	};
	objectVersion = 46;
	objects = {

/* Begin PBXBuildFile section */
		AC2EE08F1D92CB92008903E1 /* main.m in Sources */ = {isa = PBXBuildFile; fileRef = AC2EE08E1D92CB92008903E1 /* main.m */; };
		AC2EE0921D92CB92008903E1 /* AppDelegate.m in Sources */ = {isa = PBXBuildFile; fileRef = AC2EE0911D92CB92008903E1 /* AppDelegate.m */; };
		AC2EE0981D92CB92008903E1 /* Main.storyboard in Resources */ = {isa = PBXBuildFile; fileRef = AC2EE0961D92CB92008903E1 /* Main.storyboard */; };
		AC2EE09A1D92CB92008903E1 /* Assets.xcassets in Resources */ = {isa = PBXBuildFile; fileRef = AC2EE0991D92CB92008903E1 /* Assets.xcassets */; };
		AC2EE09D1D92CB92008903E1 /* LaunchScreen.storyboard in Resources */ = {isa = PBXBuildFile; fileRef = AC2EE09B1D92CB92008903E1 /* LaunchScreen.storyboard */; };
		AC2EE0A61D92CD18008903E1 /* FirstViewController.m in Sources */ = {isa = PBXBuildFile; fileRef = AC2EE0A51D92CD18008903E1 /* FirstViewController.m */; };
		AC2EE0A91D92CD2A008903E1 /* SecondViewController.m in Sources */ = {isa = PBXBuildFile; fileRef = AC2EE0A81D92CD2A008903E1 /* SecondViewController.m */; };
/* End PBXBuildFile section */

/* Begin PBXFileReference section */
		AC2EE08A1D92CB92008903E1 /* StatusBarHideAndShow.app */ = {isa = PBXFileReference; explicitFileType = wrapper.application; includeInIndex = 0; path = StatusBarHideAndShow.app; sourceTree = BUILT_PRODUCTS_DIR; };
		AC2EE08E1D92CB92008903E1 /* main.m */ = {isa = PBXFileReference; lastKnownFileType = sourcecode.c.objc; path = main.m; sourceTree = "<group>"; };
		AC2EE0901D92CB92008903E1 /* AppDelegate.h */ = {isa = PBXFileReference; lastKnownFileType = sourcecode.c.h; path = AppDelegate.h; sourceTree = "<group>"; };
		AC2EE0911D92CB92008903E1 /* AppDelegate.m */ = {isa = PBXFileReference; lastKnownFileType = sourcecode.c.objc; path = AppDelegate.m; sourceTree = "<group>"; };
		AC2EE0971D92CB92008903E1 /* Base */ = {isa = PBXFileReference; lastKnownFileType = file.storyboard; name = Base; path = Base.lproj/Main.storyboard; sourceTree = "<group>"; };
		AC2EE0991D92CB92008903E1 /* Assets.xcassets */ = {isa = PBXFileReference; lastKnownFileType = folder.assetcatalog; path = Assets.xcassets; sourceTree = "<group>"; };
		AC2EE09C1D92CB92008903E1 /* Base */ = {isa = PBXFileReference; lastKnownFileType = file.storyboard; name = Base; path = Base.lproj/LaunchScreen.storyboard; sourceTree = "<group>"; };
		AC2EE09E1D92CB92008903E1 /* Info.plist */ = {isa = PBXFileReference; lastKnownFileType = text.plist.xml; path = Info.plist; sourceTree = "<group>"; };
		AC2EE0A41D92CD18008903E1 /* FirstViewController.h */ = {isa = PBXFileReference; fileEncoding = 4; lastKnownFileType = sourcecode.c.h; path = FirstViewController.h; sourceTree = "<group>"; };
		AC2EE0A51D92CD18008903E1 /* FirstViewController.m */ = {isa = PBXFileReference; fileEncoding = 4; lastKnownFileType = sourcecode.c.objc; path = FirstViewController.m; sourceTree = "<group>"; };
		AC2EE0A71D92CD2A008903E1 /* SecondViewController.h */ = {isa = PBXFileReference; fileEncoding = 4; lastKnownFileType = sourcecode.c.h; path = SecondViewController.h; sourceTree = "<group>"; };
		AC2EE0A81D92CD2A008903E1 /* SecondViewController.m */ = {isa = PBXFileReference; fileEncoding = 4; lastKnownFileType = sourcecode.c.objc; path = SecondViewController.m; sourceTree = "<group>"; };
/* End PBXFileReference section */

/* Begin PBXFrameworksBuildPhase section */
		AC2EE0871D92CB92008903E1 /* Frameworks */ = {
			isa = PBXFrameworksBuildPhase;
			buildActionMask = 2147483647;
			files = (
			);
			runOnlyForDeploymentPostprocessing = 0;
		};
/* End PBXFrameworksBuildPhase section */

/* Begin PBXGroup section */
		AC2EE0811D92CB92008903E1 = {
			isa = PBXGroup;
			children = (
				AC2EE08C1D92CB92008903E1 /* StatusBarHideAndShow */,
				AC2EE08B1D92CB92008903E1 /* Products */,
			);
			sourceTree = "<group>";
		};
		AC2EE08B1D92CB92008903E1 /* Products */ = {
			isa = PBXGroup;
			children = (
				AC2EE08A1D92CB92008903E1 /* StatusBarHideAndShow.app */,
			);
			name = Products;
			sourceTree = "<group>";
		};
		AC2EE08C1D92CB92008903E1 /* StatusBarHideAndShow */ = {
			isa = PBXGroup;
			children = (
				AC2EE0901D92CB92008903E1 /* AppDelegate.h */,
				AC2EE0911D92CB92008903E1 /* AppDelegate.m */,
				AC2EE0A41D92CD18008903E1 /* FirstViewController.h */,
				AC2EE0A51D92CD18008903E1 /* FirstViewController.m */,
				AC2EE0A71D92CD2A008903E1 /* SecondViewController.h */,
				AC2EE0A81D92CD2A008903E1 /* SecondViewController.m */,
				AC2EE0961D92CB92008903E1 /* Main.storyboard */,
				AC2EE0991D92CB92008903E1 /* Assets.xcassets */,
				AC2EE09B1D92CB92008903E1 /* LaunchScreen.storyboard */,
				AC2EE09E1D92CB92008903E1 /* Info.plist */,
				AC2EE08D1D92CB92008903E1 /* Supporting Files */,
			);
			path = StatusBarHideAndShow;
			sourceTree = "<group>";
		};
		AC2EE08D1D92CB92008903E1 /* Supporting Files */ = {
			isa = PBXGroup;
			children = (
				AC2EE08E1D92CB92008903E1 /* main.m */,
			);
			name = "Supporting Files";
			sourceTree = "<group>";
		};
/* End PBXGroup section */

/* Begin PBXNativeTarget section */
		AC2EE0891D92CB92008903E1 /* StatusBarHideAndShow */ = {
			isa = PBXNativeTarget;
			buildConfigurationList = AC2EE0A11D92CB92008903E1 /* Build configuration list for PBXNativeTarget "StatusBarHideAndShow" */;
			buildPhases = (
				AC2EE0861D92CB92008903E1 /* Sources */,
				AC2EE0871D92CB92008903E1 /* Frameworks */,
				AC2EE0881D92CB92008903E1 /* Resources */,
			);
			buildRules = (
			);
			dependencies = (
			);
			name = StatusBarHideAndShow;
			productName = StatusBarHideAndShow;
			productReference = AC2EE08A1D92CB92008903E1 /* StatusBarHideAndShow.app */;
			productType = "com.apple.product-type.application";
		};
/* End PBXNativeTarget section */

/* Begin PBXProject section */
		AC2EE0821D92CB92008903E1 /* Project object */ = {
			isa = PBXProject;
			attributes = {
				LastUpgradeCheck = 0730;
				ORGANIZATIONNAME = Peter;
				TargetAttributes = {
					AC2EE0891D92CB92008903E1 = {
						CreatedOnToolsVersion = 7.3.1;
					};
				};
			};
			buildConfigurationList = AC2EE0851D92CB92008903E1 /* Build configuration list for PBXProject "StatusBarHideAndShow" */;
			compatibilityVersion = "Xcode 3.2";
			developmentRegion = English;
			hasScannedForEncodings = 0;
			knownRegions = (
				en,
				Base,
			);
			mainGroup = AC2EE0811D92CB92008903E1;
			productRefGroup = AC2EE08B1D92CB92008903E1 /* Products */;
			projectDirPath = "";
			projectRoot = "";
			targets = (
				AC2EE0891D92CB92008903E1 /* StatusBarHideAndShow */,
			);
		};
/* End PBXProject section */

/* Begin PBXResourcesBuildPhase section */
		AC2EE0881D92CB92008903E1 /* Resources */ = {
			isa = PBXResourcesBuildPhase;
			buildActionMask = 2147483647;
			files = (
				AC2EE09D1D92CB92008903E1 /* LaunchScreen.storyboard in Resources */,
				AC2EE09A1D92CB92008903E1 /* Assets.xcassets in Resources */,
				AC2EE0981D92CB92008903E1 /* Main.storyboard in Resources */,
			);
			runOnlyForDeploymentPostprocessing = 0;
		};
/* End PBXResourcesBuildPhase section */

/* Begin PBXSourcesBuildPhase section */
		AC2EE0861D92CB92008903E1 /* Sources */ = {
			isa = PBXSourcesBuildPhase;
			buildActionMask = 2147483647;
			files = (
				AC2EE0A91D92CD2A008903E1 /* SecondViewController.m in Sources */,
				AC2EE0921D92CB92008903E1 /* AppDelegate.m in Sources */,
				AC2EE08F1D92CB92008903E1 /* main.m in Sources */,
				AC2EE0A61D92CD18008903E1 /* FirstViewController.m in Sources */,
			);
			runOnlyForDeploymentPostprocessing = 0;
		};
/* End PBXSourcesBuildPhase section */

/* Begin PBXVariantGroup section */
		AC2EE0961D92CB92008903E1 /* Main.storyboard */ = {
			isa = PBXVariantGroup;
			children = (
				AC2EE0971D92CB92008903E1 /* Base */,
			);
			name = Main.storyboard;
			sourceTree = "<group>";
		};
		AC2EE09B1D92CB92008903E1 /* LaunchScreen.storyboard */ = {
			isa = PBXVariantGroup;
			children = (
				AC2EE09C1D92CB92008903E1 /* Base */,
			);
			name = LaunchScreen.storyboard;
			sourceTree = "<group>";
		};
/* End PBXVariantGroup section */

/* Begin XCBuildConfiguration section */
		AC2EE09F1D92CB92008903E1 /* Debug */ = {
			isa = XCBuildConfiguration;
			buildSettings = {
				ALWAYS_SEARCH_USER_PATHS = NO;
				CLANG_ANALYZER_NONNULL = YES;
				CLANG_CXX_LANGUAGE_STANDARD = "gnu++0x";
				CLANG_CXX_LIBRARY = "libc++";
				CLANG_ENABLE_MODULES = YES;
				CLANG_ENABLE_OBJC_ARC = YES;
				CLANG_WARN_BOOL_CONVERSION = YES;
				CLANG_WARN_CONSTANT_CONVERSION = YES;
				CLANG_WARN_DIRECT_OBJC_ISA_USAGE = YES_ERROR;
				CLANG_WARN_EMPTY_BODY = YES;
				CLANG_WARN_ENUM_CONVERSION = YES;
				CLANG_WARN_INT_CONVERSION = YES;
				CLANG_WARN_OBJC_ROOT_CLASS = YES_ERROR;
				CLANG_WARN_UNREACHABLE_CODE = YES;
				CLANG_WARN__DUPLICATE_METHOD_MATCH = YES;
				"CODE_SIGN_IDENTITY[sdk=iphoneos*]" = "iPhone Developer";
				COPY_PHASE_STRIP = NO;
				DEBUG_INFORMATION_FORMAT = dwarf;
				ENABLE_STRICT_OBJC_MSGSEND = YES;
				ENABLE_TESTABILITY = YES;
				GCC_C_LANGUAGE_STANDARD = gnu99;
				GCC_DYNAMIC_NO_PIC = NO;
				GCC_NO_COMMON_BLOCKS = YES;
				GCC_OPTIMIZATION_LEVEL = 0;
				GCC_PREPROCESSOR_DEFINITIONS = (
					"DEBUG=1",
					"$(inherited)",
				);
				GCC_WARN_64_TO_32_BIT_CONVERSION = YES;
				GCC_WARN_ABOUT_RETURN_TYPE = YES_ERROR;
				GCC_WARN_UNDECLARED_SELECTOR = YES;
				GCC_WARN_UNINITIALIZED_AUTOS = YES_AGGRESSIVE;
				GCC_WARN_UNUSED_FUNCTION = YES;
				GCC_WARN_UNUSED_VARIABLE = YES;
				IPHONEOS_DEPLOYMENT_TARGET = 9.3;
				MTL_ENABLE_DEBUG_INFO = YES;
				ONLY_ACTIVE_ARCH = YES;
				SDKROOT = iphoneos;
			};
			name = Debug;
		};
		AC2EE0A01D92CB92008903E1 /* Release */ = {
			isa = XCBuildConfiguration;
			buildSettings = {
				ALWAYS_SEARCH_USER_PATHS = NO;
				CLANG_ANALYZER_NONNULL = YES;
				CLANG_CXX_LANGUAGE_STANDARD = "gnu++0x";
				CLANG_CXX_LIBRARY = "libc++";
				CLANG_ENABLE_MODULES = YES;
				CLANG_ENABLE_OBJC_ARC = YES;
				CLANG_WARN_BOOL_CONVERSION = YES;
				CLANG_WARN_CONSTANT_CONVERSION = YES;
				CLANG_WARN_DIRECT_OBJC_ISA_USAGE = YES_ERROR;
				CLANG_WARN_EMPTY_BODY = YES;
				CLANG_WARN_ENUM_CONVERSION = YES;
				CLANG_WARN_INT_CONVERSION = YES;
				CLANG_WARN_OBJC_ROOT_CLASS = YES_ERROR;
				CLANG_WARN_UNREACHABLE_CODE = YES;
				CLANG_WARN__DUPLICATE_METHOD_MATCH = YES;
				"CODE_SIGN_IDENTITY[sdk=iphoneos*]" = "iPhone Developer";
				COPY_PHASE_STRIP = NO;
				DEBUG_INFORMATION_FORMAT = "dwarf-with-dsym";
				ENABLE_NS_ASSERTIONS = NO;
				ENABLE_STRICT_OBJC_MSGSEND = YES;
				GCC_C_LANGUAGE_STANDARD = gnu99;
				GCC_NO_COMMON_BLOCKS = YES;
				GCC_WARN_64_TO_32_BIT_CONVERSION = YES;
				GCC_WARN_ABOUT_RETURN_TYPE = YES_ERROR;
				GCC_WARN_UNDECLARED_SELECTOR = YES;
				GCC_WARN_UNINITIALIZED_AUTOS = YES_AGGRESSIVE;
				GCC_WARN_UNUSED_FUNCTION = YES;
				GCC_WARN_UNUSED_VARIABLE = YES;
				IPHONEOS_DEPLOYMENT_TARGET = 9.3;
				MTL_ENABLE_DEBUG_INFO = NO;
				SDKROOT = iphoneos;
				VALIDATE_PRODUCT = YES;
			};
			name = Release;
		};
		AC2EE0A21D92CB92008903E1 /* Debug */ = {
			isa = XCBuildConfiguration;
			buildSettings = {
				ASSETCATALOG_COMPILER_APPICON_NAME = AppIcon;
				INFOPLIST_FILE = StatusBarHideAndShow/Info.plist;
				IPHONEOS_DEPLOYMENT_TARGET = 7.0;
				LD_RUNPATH_SEARCH_PATHS = "$(inherited) @executable_path/Frameworks";
				PRODUCT_BUNDLE_IDENTIFIER = com.lph.StatusBarHideAndShow;
				PRODUCT_NAME = "$(TARGET_NAME)";
			};
			name = Debug;
		};
		AC2EE0A31D92CB92008903E1 /* Release */ = {
			isa = XCBuildConfiguration;
			buildSettings = {
				ASSETCATALOG_COMPILER_APPICON_NAME = AppIcon;
				INFOPLIST_FILE = StatusBarHideAndShow/Info.plist;
				IPHONEOS_DEPLOYMENT_TARGET = 7.0;
				LD_RUNPATH_SEARCH_PATHS = "$(inherited) @executable_path/Frameworks";
				PRODUCT_BUNDLE_IDENTIFIER = com.lph.StatusBarHideAndShow;
				PRODUCT_NAME = "$(TARGET_NAME)";
			};
			name = Release;
		};
/* End XCBuildConfiguration section */

/* Begin XCConfigurationList section */
		AC2EE0851D92CB92008903E1 /* Build configuration list for PBXProject "StatusBarHideAndShow" */ = {
			isa = XCConfigurationList;
			buildConfigurations = (
				AC2EE09F1D92CB92008903E1 /* Debug */,
				AC2EE0A01D92CB92008903E1 /* Release */,
			);
			defaultConfigurationIsVisible = 0;
			defaultConfigurationName = Release;
		};
		AC2EE0A11D92CB92008903E1 /* Build configuration list for PBXNativeTarget "StatusBarHideAndShow" */ = {
			isa = XCConfigurationList;
			buildConfigurations = (
				AC2EE0A21D92CB92008903E1 /* Debug */,
				AC2EE0A31D92CB92008903E1 /* Release */,
			);
			defaultConfigurationIsVisible = 0;
		};
/* End XCConfigurationList section */
	};
	rootObject = AC2EE0821D92CB92008903E1 /* Project object */;
}
